
Microsoft Visual Studio Solution File, Format Version 12.00
# Visual Studio Version 16
VisualStudioVersion = 16.0.31624.102
MinimumVisualStudioVersion = 10.0.40219.1
Project("{FAE04EC0-301F-11D3-BF4B-00C04F79EFBC}") = "MLab3", "MLab3\MLab3.csproj", "{B1FC2EBD-8104-4077-8D60-7FC2584182A6}"
EndProject
Global
	GlobalSection(SolutionConfigurationPlatforms) = preSolution
		Debug|Any CPU = Debug|Any CPU
		Release|Any CPU = Release|Any CPU
	EndGlobalSection
	GlobalSection(ProjectConfigurationPlatforms) = postSolution
		{B1FC2EBD-8104-4077-8D60-7FC2584182A6}.Debug|Any CPU.ActiveCfg = Debug|Any CPU
		{B1FC2EBD-8104-4077-8D60-7FC2584182A6}.Debug|Any CPU.Build.0 = Debug|Any CPU
		{B1FC2EBD-8104-4077-8D60-7FC2584182A6}.Release|Any CPU.ActiveCfg = Release|Any CPU
		{B1FC2EBD-8104-4077-8D60-7FC2584182A6}.Release|Any CPU.Build.0 = Release|Any CPU
	EndGlobalSection
	GlobalSection(SolutionProperties) = preSolution
		HideSolutionNode = FALSE
	EndGlobalSection
	GlobalSection(ExtensibilityGlobals) = postSolution
		SolutionGuid = {D2BA131D-7B6B-4CB6-9362-AB20A7C37B26}
	EndGlobalSection
EndGlobal
